// !$*UTF8*$!
{
	archiveVersion = 1;
	classes = {
	};
	objectVersion = 50;
	objects = {

/* Begin PBXBuildFile section */
		BB7ED72E2450F1EA0077BB8C /* AppDelegate.swift in Sources */ = {isa = PBXBuildFile; fileRef = BB7ED72D2450F1EA0077BB8C /* AppDelegate.swift */; };
		BB7ED7302450F1EA0077BB8C /* SceneDelegate.swift in Sources */ = {isa = PBXBuildFile; fileRef = BB7ED72F2450F1EA0077BB8C /* SceneDelegate.swift */; };
		BB7ED7322450F1EA0077BB8C /* ViewController.swift in Sources */ = {isa = PBXBuildFile; fileRef = BB7ED7312450F1EA0077BB8C /* ViewController.swift */; };
		BB7ED7372450F1EB0077BB8C /* Assets.xcassets in Resources */ = {isa = PBXBuildFile; fileRef = BB7ED7362450F1EB0077BB8C /* Assets.xcassets */; };
		BB7ED73A2450F1EB0077BB8C /* LaunchScreen.storyboard in Resources */ = {isa = PBXBuildFile; fileRef = BB7ED7382450F1EB0077BB8C /* LaunchScreen.storyboard */; };
		BBAD976725B1049E00324113 /* NSEngine.mm in Sources */ = {isa = PBXBuildFile; fileRef = BBAD976425B1049E00324113 /* NSEngine.mm */; };
		BBAD976825B1049E00324113 /* Engine.swift in Sources */ = {isa = PBXBuildFile; fileRef = BBAD976625B1049E00324113 /* Engine.swift */; };
		BBAD9AD125B1052300324113 /* README.md in Resources */ = {isa = PBXBuildFile; fileRef = BBAD976D25B1052200324113 /* README.md */; };
		BBAD9D5125B1052400324113 /* AppleAssetHandler.cpp in Sources */ = {isa = PBXBuildFile; fileRef = BBAD9A8525B1052300324113 /* AppleAssetHandler.cpp */; };
		BBAD9D5225B1052400324113 /* NSAppleAssetHandler.mm in Sources */ = {isa = PBXBuildFile; fileRef = BBAD9A8625B1052300324113 /* NSAppleAssetHandler.mm */; };
		BBAD9D5325B1052400324113 /* CursorConverter.cpp in Sources */ = {isa = PBXBuildFile; fileRef = BBAD9A8A25B1052300324113 /* CursorConverter.cpp */; };
		BBAD9D5425B1052400324113 /* SpriteBatcher.cpp in Sources */ = {isa = PBXBuildFile; fileRef = BBAD9A8B25B1052300324113 /* SpriteBatcher.cpp */; };
		BBAD9D5525B1052400324113 /* TextureLoader.cpp in Sources */ = {isa = PBXBuildFile; fileRef = BBAD9A8D25B1052300324113 /* TextureLoader.cpp */; };
		BBAD9D5625B1052400324113 /* Assets.cpp in Sources */ = {isa = PBXBuildFile; fileRef = BBAD9A8E25B1052300324113 /* Assets.cpp */; };
		BBAD9D5725B1052400324113 /* MainView.cpp in Sources */ = {isa = PBXBuildFile; fileRef = BBAD9A9025B1052300324113 /* MainView.cpp */; };
		BBAD9D5825B1052400324113 /* DragView.cpp in Sources */ = {isa = PBXBuildFile; fileRef = BBAD9A9225B1052300324113 /* DragView.cpp */; };
		BBAD9D5925B1052400324113 /* AssetHandler.cpp in Sources */ = {isa = PBXBuildFile; fileRef = BBAD9A9425B1052300324113 /* AssetHandler.cpp */; };
		BBAD9D5A25B1052400324113 /* Entity.cpp in Sources */ = {isa = PBXBuildFile; fileRef = BBAD9A9725B1052300324113 /* Entity.cpp */; };
		BBAD9D5B25B1052400324113 /* Vector2.cpp in Sources */ = {isa = PBXBuildFile; fileRef = BBAD9A9825B1052300324113 /* Vector2.cpp */; };
		BBAD9D5C25B1052400324113 /* ItemSelectView.cpp in Sources */ = {isa = PBXBuildFile; fileRef = BBAD9A9C25B1052300324113 /* ItemSelectView.cpp */; };
		BBAD9D5D25B1052400324113 /* AssetHandlerFactory.cpp in Sources */ = {isa = PBXBuildFile; fileRef = BBAD9AA125B1052300324113 /* AssetHandlerFactory.cpp */; };
		BBAD9D5E25B1052400324113 /* SceneSelectView.cpp in Sources */ = {isa = PBXBuildFile; fileRef = BBAD9AA325B1052300324113 /* SceneSelectView.cpp */; };
		BBAD9D5F25B1052400324113 /* View.cpp in Sources */ = {isa = PBXBuildFile; fileRef = BBAD9AA425B1052300324113 /* View.cpp */; };
		BBAD9D6025B1052400324113 /* FPSUtil.cpp in Sources */ = {isa = PBXBuildFile; fileRef = BBAD9AA725B1052300324113 /* FPSUtil.cpp */; };
		BBAD9D6125B1052400324113 /* Animation.cpp in Sources */ = {isa = PBXBuildFile; fileRef = BBAD9AAA25B1052300324113 /* Animation.cpp */; };
		BBAD9D6225B1052400324113 /* CursorInputManager.cpp in Sources */ = {isa = PBXBuildFile; fileRef = BBAD9AAB25B1052300324113 /* CursorInputManager.cpp */; };
		BBAD9D6525B1052400324113 /* TextureManager.cpp in Sources */ = {isa = PBXBuildFile; fileRef = BBAD9AB725B1052300324113 /* TextureManager.cpp */; };
		BBAD9D6625B1052400324113 /* Engine.cpp in Sources */ = {isa = PBXBuildFile; fileRef = BBAD9ABC25B1052300324113 /* Engine.cpp */; };
		BBAD9D6725B1052400324113 /* TextureDescriptor.cpp in Sources */ = {isa = PBXBuildFile; fileRef = BBAD9ABD25B1052300324113 /* TextureDescriptor.cpp */; };
		BBAD9D6825B1052400324113 /* ShaderManager.cpp in Sources */ = {isa = PBXBuildFile; fileRef = BBAD9AC325B1052300324113 /* ShaderManager.cpp */; };
		BBAD9D6925B1052400324113 /* ShaderLoader.cpp in Sources */ = {isa = PBXBuildFile; fileRef = BBAD9AC625B1052300324113 /* ShaderLoader.cpp */; };
		BBAD9D6A25B1052400324113 /* OpenGLWrapper.cpp in Sources */ = {isa = PBXBuildFile; fileRef = BBAD9AC725B1052300324113 /* OpenGLWrapper.cpp */; };
		BBAD9D6B25B1052400324113 /* ShaderDescriptor.cpp in Sources */ = {isa = PBXBuildFile; fileRef = BBAD9AC825B1052300324113 /* ShaderDescriptor.cpp */; };
		BBAD9D6C25B1052400324113 /* Renderer.cpp in Sources */ = {isa = PBXBuildFile; fileRef = BBAD9ACA25B1052300324113 /* Renderer.cpp */; };
		BBAD9D6D25B1052400324113 /* ScreenRenderer.cpp in Sources */ = {isa = PBXBuildFile; fileRef = BBAD9ACD25B1052300324113 /* ScreenRenderer.cpp */; };
		BBAD9D9E25B1127A00324113 /* shader_001.fsh in Resources */ = {isa = PBXBuildFile; fileRef = BBAD9D9625B1127A00324113 /* shader_001.fsh */; };
		BBAD9D9F25B1127A00324113 /* shader_001.vsh in Resources */ = {isa = PBXBuildFile; fileRef = BBAD9D9725B1127A00324113 /* shader_001.vsh */; };
		BBAD9DA025B1127A00324113 /* texture_001.png in Resources */ = {isa = PBXBuildFile; fileRef = BBAD9D9825B1127A00324113 /* texture_001.png */; };
		BBAD9DA125B1127A00324113 /* shader_000.fsh in Resources */ = {isa = PBXBuildFile; fileRef = BBAD9D9925B1127A00324113 /* shader_000.fsh */; };
		BBAD9DA225B1127A00324113 /* assets.json in Resources */ = {isa = PBXBuildFile; fileRef = BBAD9D9A25B1127A00324113 /* assets.json */; };
		BBAD9DA325B1127A00324113 /* texture_002.png in Resources */ = {isa = PBXBuildFile; fileRef = BBAD9D9B25B1127A00324113 /* texture_002.png */; };
		BBAD9DA425B1127A00324113 /* texture_000.png in Resources */ = {isa = PBXBuildFile; fileRef = BBAD9D9C25B1127A00324113 /* texture_000.png */; };
		BBAD9DA525B1127A00324113 /* shader_000.vsh in Resources */ = {isa = PBXBuildFile; fileRef = BBAD9D9D25B1127A00324113 /* shader_000.vsh */; };
/* End PBXBuildFile section */

/* Begin PBXCopyFilesBuildPhase section */
		BBBC8338245B7CBC00CAF644 /* Embed Frameworks */ = {
			isa = PBXCopyFilesBuildPhase;
			buildActionMask = 2147483647;
			dstPath = "";
			dstSubfolderSpec = 10;
			files = (
			);
			name = "Embed Frameworks";
			runOnlyForDeploymentPostprocessing = 0;
		};
/* End PBXCopyFilesBuildPhase section */

/* Begin PBXFileReference section */
		BB7ED72A2450F1EA0077BB8C /* GowEngineDemo.app */ = {isa = PBXFileReference; explicitFileType = wrapper.application; includeInIndex = 0; path = GowEngineDemo.app; sourceTree = BUILT_PRODUCTS_DIR; };
		BB7ED72D2450F1EA0077BB8C /* AppDelegate.swift */ = {isa = PBXFileReference; lastKnownFileType = sourcecode.swift; path = AppDelegate.swift; sourceTree = "<group>"; };
		BB7ED72F2450F1EA0077BB8C /* SceneDelegate.swift */ = {isa = PBXFileReference; lastKnownFileType = sourcecode.swift; path = SceneDelegate.swift; sourceTree = "<group>"; };
		BB7ED7312450F1EA0077BB8C /* ViewController.swift */ = {isa = PBXFileReference; lastKnownFileType = sourcecode.swift; path = ViewController.swift; sourceTree = "<group>"; };
		BB7ED7362450F1EB0077BB8C /* Assets.xcassets */ = {isa = PBXFileReference; lastKnownFileType = folder.assetcatalog; path = Assets.xcassets; sourceTree = "<group>"; };
		BB7ED7392450F1EB0077BB8C /* Base */ = {isa = PBXFileReference; lastKnownFileType = file.storyboard; name = Base; path = Base.lproj/LaunchScreen.storyboard; sourceTree = "<group>"; };
		BB7ED73B2450F1EB0077BB8C /* Info.plist */ = {isa = PBXFileReference; lastKnownFileType = text.plist.xml; path = Info.plist; sourceTree = "<group>"; };
		BBAD976425B1049E00324113 /* NSEngine.mm */ = {isa = PBXFileReference; fileEncoding = 4; lastKnownFileType = sourcecode.cpp.objcpp; path = NSEngine.mm; sourceTree = "<group>"; };
		BBAD976525B1049E00324113 /* NSEngine.hpp */ = {isa = PBXFileReference; fileEncoding = 4; lastKnownFileType = sourcecode.cpp.h; path = NSEngine.hpp; sourceTree = "<group>"; };
		BBAD976625B1049E00324113 /* Engine.swift */ = {isa = PBXFileReference; fileEncoding = 4; lastKnownFileType = sourcecode.swift; path = Engine.swift; sourceTree = "<group>"; };
		BBAD976D25B1052200324113 /* README.md */ = {isa = PBXFileReference; fileEncoding = 4; lastKnownFileType = net.daringfireball.markdown; path = README.md; sourceTree = "<group>"; };
		BBAD98EE25B1052200324113 /* stb_image.h */ = {isa = PBXFileReference; fileEncoding = 4; lastKnownFileType = sourcecode.c.h; path = stb_image.h; sourceTree = "<group>"; };
		BBAD9A0B25B1052300324113 /* fwd.h */ = {isa = PBXFileReference; fileEncoding = 4; lastKnownFileType = sourcecode.c.h; path = fwd.h; sourceTree = "<group>"; };
		BBAD9A0C25B1052300324113 /* memorystream.h */ = {isa = PBXFileReference; fileEncoding = 4; lastKnownFileType = sourcecode.c.h; path = memorystream.h; sourceTree = "<group>"; };
		BBAD9A0D25B1052300324113 /* reader.h */ = {isa = PBXFileReference; fileEncoding = 4; lastKnownFileType = sourcecode.c.h; path = reader.h; sourceTree = "<group>"; };
		BBAD9A0E25B1052300324113 /* prettywriter.h */ = {isa = PBXFileReference; fileEncoding = 4; lastKnownFileType = sourcecode.c.h; path = prettywriter.h; sourceTree = "<group>"; };
		BBAD9A0F25B1052300324113 /* ostreamwrapper.h */ = {isa = PBXFileReference; fileEncoding = 4; lastKnownFileType = sourcecode.c.h; path = ostreamwrapper.h; sourceTree = "<group>"; };
		BBAD9A1025B1052300324113 /* encodedstream.h */ = {isa = PBXFileReference; fileEncoding = 4; lastKnownFileType = sourcecode.c.h; path = encodedstream.h; sourceTree = "<group>"; };
		BBAD9A1125B1052300324113 /* filereadstream.h */ = {isa = PBXFileReference; fileEncoding = 4; lastKnownFileType = sourcecode.c.h; path = filereadstream.h; sourceTree = "<group>"; };
		BBAD9A1225B1052300324113 /* cursorstreamwrapper.h */ = {isa = PBXFileReference; fileEncoding = 4; lastKnownFileType = sourcecode.c.h; path = cursorstreamwrapper.h; sourceTree = "<group>"; };
		BBAD9A1325B1052300324113 /* istreamwrapper.h */ = {isa = PBXFileReference; fileEncoding = 4; lastKnownFileType = sourcecode.c.h; path = istreamwrapper.h; sourceTree = "<group>"; };
		BBAD9A1425B1052300324113 /* stringbuffer.h */ = {isa = PBXFileReference; fileEncoding = 4; lastKnownFileType = sourcecode.c.h; path = stringbuffer.h; sourceTree = "<group>"; };
		BBAD9A1625B1052300324113 /* ieee754.h */ = {isa = PBXFileReference; fileEncoding = 4; lastKnownFileType = sourcecode.c.h; path = ieee754.h; sourceTree = "<group>"; };
		BBAD9A1725B1052300324113 /* strtod.h */ = {isa = PBXFileReference; fileEncoding = 4; lastKnownFileType = sourcecode.c.h; path = strtod.h; sourceTree = "<group>"; };
		BBAD9A1825B1052300324113 /* swap.h */ = {isa = PBXFileReference; fileEncoding = 4; lastKnownFileType = sourcecode.c.h; path = swap.h; sourceTree = "<group>"; };
		BBAD9A1925B1052300324113 /* regex.h */ = {isa = PBXFileReference; fileEncoding = 4; lastKnownFileType = sourcecode.c.h; path = regex.h; sourceTree = "<group>"; };
		BBAD9A1A25B1052300324113 /* diyfp.h */ = {isa = PBXFileReference; fileEncoding = 4; lastKnownFileType = sourcecode.c.h; path = diyfp.h; sourceTree = "<group>"; };
		BBAD9A1B25B1052300324113 /* biginteger.h */ = {isa = PBXFileReference; fileEncoding = 4; lastKnownFileType = sourcecode.c.h; path = biginteger.h; sourceTree = "<group>"; };
		BBAD9A1C25B1052300324113 /* strfunc.h */ = {isa = PBXFileReference; fileEncoding = 4; lastKnownFileType = sourcecode.c.h; path = strfunc.h; sourceTree = "<group>"; };
		BBAD9A1D25B1052300324113 /* itoa.h */ = {isa = PBXFileReference; fileEncoding = 4; lastKnownFileType = sourcecode.c.h; path = itoa.h; sourceTree = "<group>"; };
		BBAD9A1E25B1052300324113 /* stack.h */ = {isa = PBXFileReference; fileEncoding = 4; lastKnownFileType = sourcecode.c.h; path = stack.h; sourceTree = "<group>"; };
		BBAD9A1F25B1052300324113 /* dtoa.h */ = {isa = PBXFileReference; fileEncoding = 4; lastKnownFileType = sourcecode.c.h; path = dtoa.h; sourceTree = "<group>"; };
		BBAD9A2025B1052300324113 /* clzll.h */ = {isa = PBXFileReference; fileEncoding = 4; lastKnownFileType = sourcecode.c.h; path = clzll.h; sourceTree = "<group>"; };
		BBAD9A2125B1052300324113 /* meta.h */ = {isa = PBXFileReference; fileEncoding = 4; lastKnownFileType = sourcecode.c.h; path = meta.h; sourceTree = "<group>"; };
		BBAD9A2225B1052300324113 /* pow10.h */ = {isa = PBXFileReference; fileEncoding = 4; lastKnownFileType = sourcecode.c.h; path = pow10.h; sourceTree = "<group>"; };
		BBAD9A2325B1052300324113 /* encodings.h */ = {isa = PBXFileReference; fileEncoding = 4; lastKnownFileType = sourcecode.c.h; path = encodings.h; sourceTree = "<group>"; };
		BBAD9A2425B1052300324113 /* schema.h */ = {isa = PBXFileReference; fileEncoding = 4; lastKnownFileType = sourcecode.c.h; path = schema.h; sourceTree = "<group>"; };
		BBAD9A2525B1052300324113 /* stream.h */ = {isa = PBXFileReference; fileEncoding = 4; lastKnownFileType = sourcecode.c.h; path = stream.h; sourceTree = "<group>"; };
		BBAD9A2625B1052300324113 /* filewritestream.h */ = {isa = PBXFileReference; fileEncoding = 4; lastKnownFileType = sourcecode.c.h; path = filewritestream.h; sourceTree = "<group>"; };
		BBAD9A2725B1052300324113 /* rapidjson.h */ = {isa = PBXFileReference; fileEncoding = 4; lastKnownFileType = sourcecode.c.h; path = rapidjson.h; sourceTree = "<group>"; };
		BBAD9A2825B1052300324113 /* document.h */ = {isa = PBXFileReference; fileEncoding = 4; lastKnownFileType = sourcecode.c.h; path = document.h; sourceTree = "<group>"; };
		BBAD9A2925B1052300324113 /* allocators.h */ = {isa = PBXFileReference; fileEncoding = 4; lastKnownFileType = sourcecode.c.h; path = allocators.h; sourceTree = "<group>"; };
		BBAD9A2A25B1052300324113 /* writer.h */ = {isa = PBXFileReference; fileEncoding = 4; lastKnownFileType = sourcecode.c.h; path = writer.h; sourceTree = "<group>"; };
		BBAD9A2C25B1052300324113 /* error.h */ = {isa = PBXFileReference; fileEncoding = 4; lastKnownFileType = sourcecode.c.h; path = error.h; sourceTree = "<group>"; };
		BBAD9A2D25B1052300324113 /* en.h */ = {isa = PBXFileReference; fileEncoding = 4; lastKnownFileType = sourcecode.c.h; path = en.h; sourceTree = "<group>"; };
		BBAD9A2E25B1052300324113 /* memorybuffer.h */ = {isa = PBXFileReference; fileEncoding = 4; lastKnownFileType = sourcecode.c.h; path = memorybuffer.h; sourceTree = "<group>"; };
		BBAD9A2F25B1052300324113 /* pointer.h */ = {isa = PBXFileReference; fileEncoding = 4; lastKnownFileType = sourcecode.c.h; path = pointer.h; sourceTree = "<group>"; };
		BBAD9A3125B1052300324113 /* inttypes.h */ = {isa = PBXFileReference; fileEncoding = 4; lastKnownFileType = sourcecode.c.h; path = inttypes.h; sourceTree = "<group>"; };
		BBAD9A3225B1052300324113 /* stdint.h */ = {isa = PBXFileReference; fileEncoding = 4; lastKnownFileType = sourcecode.c.h; path = stdint.h; sourceTree = "<group>"; };
		BBAD9A8425B1052300324113 /* NSAppleAssetHandler.hpp */ = {isa = PBXFileReference; fileEncoding = 4; lastKnownFileType = sourcecode.cpp.h; path = NSAppleAssetHandler.hpp; sourceTree = "<group>"; };
		BBAD9A8525B1052300324113 /* AppleAssetHandler.cpp */ = {isa = PBXFileReference; fileEncoding = 4; lastKnownFileType = sourcecode.cpp.cpp; path = AppleAssetHandler.cpp; sourceTree = "<group>"; };
		BBAD9A8625B1052300324113 /* NSAppleAssetHandler.mm */ = {isa = PBXFileReference; fileEncoding = 4; lastKnownFileType = sourcecode.cpp.objcpp; path = NSAppleAssetHandler.mm; sourceTree = "<group>"; };
		BBAD9A8725B1052300324113 /* AppleAssetHandler.hpp */ = {isa = PBXFileReference; fileEncoding = 4; lastKnownFileType = sourcecode.cpp.h; path = AppleAssetHandler.hpp; sourceTree = "<group>"; };
		BBAD9A8825B1052300324113 /* Engine.hpp */ = {isa = PBXFileReference; fileEncoding = 4; lastKnownFileType = sourcecode.cpp.h; path = Engine.hpp; sourceTree = "<group>"; };
		BBAD9A8925B1052300324113 /* TextureDescriptor.hpp */ = {isa = PBXFileReference; fileEncoding = 4; lastKnownFileType = sourcecode.cpp.h; path = TextureDescriptor.hpp; sourceTree = "<group>"; };
		BBAD9A8A25B1052300324113 /* CursorConverter.cpp */ = {isa = PBXFileReference; fileEncoding = 4; lastKnownFileType = sourcecode.cpp.cpp; path = CursorConverter.cpp; sourceTree = "<group>"; };
		BBAD9A8B25B1052300324113 /* SpriteBatcher.cpp */ = {isa = PBXFileReference; fileEncoding = 4; lastKnownFileType = sourcecode.cpp.cpp; path = SpriteBatcher.cpp; sourceTree = "<group>"; };
		BBAD9A8C25B1052300324113 /* ShaderManager.hpp */ = {isa = PBXFileReference; fileEncoding = 4; lastKnownFileType = sourcecode.cpp.h; path = ShaderManager.hpp; sourceTree = "<group>"; };
		BBAD9A8D25B1052300324113 /* TextureLoader.cpp */ = {isa = PBXFileReference; fileEncoding = 4; lastKnownFileType = sourcecode.cpp.cpp; path = TextureLoader.cpp; sourceTree = "<group>"; };
		BBAD9A8E25B1052300324113 /* Assets.cpp */ = {isa = PBXFileReference; fileEncoding = 4; lastKnownFileType = sourcecode.cpp.cpp; path = Assets.cpp; sourceTree = "<group>"; };
		BBAD9A8F25B1052300324113 /* ShaderLoader.hpp */ = {isa = PBXFileReference; fileEncoding = 4; lastKnownFileType = sourcecode.cpp.h; path = ShaderLoader.hpp; sourceTree = "<group>"; };
		BBAD9A9025B1052300324113 /* MainView.cpp */ = {isa = PBXFileReference; fileEncoding = 4; lastKnownFileType = sourcecode.cpp.cpp; path = MainView.cpp; sourceTree = "<group>"; };
		BBAD9A9125B1052300324113 /* OpenGLWrapper.hpp */ = {isa = PBXFileReference; fileEncoding = 4; lastKnownFileType = sourcecode.cpp.h; path = OpenGLWrapper.hpp; sourceTree = "<group>"; };
		BBAD9A9225B1052300324113 /* DragView.cpp */ = {isa = PBXFileReference; fileEncoding = 4; lastKnownFileType = sourcecode.cpp.cpp; path = DragView.cpp; sourceTree = "<group>"; };
		BBAD9A9325B1052300324113 /* ShaderDescriptor.hpp */ = {isa = PBXFileReference; fileEncoding = 4; lastKnownFileType = sourcecode.cpp.h; path = ShaderDescriptor.hpp; sourceTree = "<group>"; };
		BBAD9A9425B1052300324113 /* AssetHandler.cpp */ = {isa = PBXFileReference; fileEncoding = 4; lastKnownFileType = sourcecode.cpp.cpp; path = AssetHandler.cpp; sourceTree = "<group>"; };
		BBAD9A9525B1052300324113 /* Renderer.hpp */ = {isa = PBXFileReference; fileEncoding = 4; lastKnownFileType = sourcecode.cpp.h; path = Renderer.hpp; sourceTree = "<group>"; };
		BBAD9A9625B1052300324113 /* ScreenRenderer.hpp */ = {isa = PBXFileReference; fileEncoding = 4; lastKnownFileType = sourcecode.cpp.h; path = ScreenRenderer.hpp; sourceTree = "<group>"; };
		BBAD9A9725B1052300324113 /* Entity.cpp */ = {isa = PBXFileReference; fileEncoding = 4; lastKnownFileType = sourcecode.cpp.cpp; path = Entity.cpp; sourceTree = "<group>"; };
		BBAD9A9825B1052300324113 /* Vector2.cpp */ = {isa = PBXFileReference; fileEncoding = 4; lastKnownFileType = sourcecode.cpp.cpp; path = Vector2.cpp; sourceTree = "<group>"; };
		BBAD9A9925B1052300324113 /* FPSUtil.hpp */ = {isa = PBXFileReference; fileEncoding = 4; lastKnownFileType = sourcecode.cpp.h; path = FPSUtil.hpp; sourceTree = "<group>"; };
		BBAD9A9A25B1052300324113 /* Macros.hpp */ = {isa = PBXFileReference; fileEncoding = 4; lastKnownFileType = sourcecode.cpp.h; path = Macros.hpp; sourceTree = "<group>"; };
		BBAD9A9B25B1052300324113 /* Animation.hpp */ = {isa = PBXFileReference; fileEncoding = 4; lastKnownFileType = sourcecode.cpp.h; path = Animation.hpp; sourceTree = "<group>"; };
		BBAD9A9C25B1052300324113 /* ItemSelectView.cpp */ = {isa = PBXFileReference; fileEncoding = 4; lastKnownFileType = sourcecode.cpp.cpp; path = ItemSelectView.cpp; sourceTree = "<group>"; };
		BBAD9A9D25B1052300324113 /* CursorEvent.hpp */ = {isa = PBXFileReference; fileEncoding = 4; lastKnownFileType = sourcecode.cpp.h; path = CursorEvent.hpp; sourceTree = "<group>"; };
		BBAD9A9E25B1052300324113 /* ShaderInput.hpp */ = {isa = PBXFileReference; fileEncoding = 4; lastKnownFileType = sourcecode.cpp.h; path = ShaderInput.hpp; sourceTree = "<group>"; };
		BBAD9A9F25B1052300324113 /* ShaderUniform.hpp */ = {isa = PBXFileReference; fileEncoding = 4; lastKnownFileType = sourcecode.cpp.h; path = ShaderUniform.hpp; sourceTree = "<group>"; };
		BBAD9AA025B1052300324113 /* CursorInputManager.hpp */ = {isa = PBXFileReference; fileEncoding = 4; lastKnownFileType = sourcecode.cpp.h; path = CursorInputManager.hpp; sourceTree = "<group>"; };
		BBAD9AA125B1052300324113 /* AssetHandlerFactory.cpp */ = {isa = PBXFileReference; fileEncoding = 4; lastKnownFileType = sourcecode.cpp.cpp; path = AssetHandlerFactory.cpp; sourceTree = "<group>"; };
		BBAD9AA225B1052300324113 /* TextureManager.hpp */ = {isa = PBXFileReference; fileEncoding = 4; lastKnownFileType = sourcecode.cpp.h; path = TextureManager.hpp; sourceTree = "<group>"; };
		BBAD9AA325B1052300324113 /* SceneSelectView.cpp */ = {isa = PBXFileReference; fileEncoding = 4; lastKnownFileType = sourcecode.cpp.cpp; path = SceneSelectView.cpp; sourceTree = "<group>"; };
		BBAD9AA425B1052300324113 /* View.cpp */ = {isa = PBXFileReference; fileEncoding = 4; lastKnownFileType = sourcecode.cpp.cpp; path = View.cpp; sourceTree = "<group>"; };
		BBAD9AA525B1052300324113 /* FileData.hpp */ = {isa = PBXFileReference; fileEncoding = 4; lastKnownFileType = sourcecode.cpp.h; path = FileData.hpp; sourceTree = "<group>"; };
		BBAD9AA625B1052300324113 /* Rectangle.hpp */ = {isa = PBXFileReference; fileEncoding = 4; lastKnownFileType = sourcecode.cpp.h; path = Rectangle.hpp; sourceTree = "<group>"; };
		BBAD9AA725B1052300324113 /* FPSUtil.cpp */ = {isa = PBXFileReference; fileEncoding = 4; lastKnownFileType = sourcecode.cpp.cpp; path = FPSUtil.cpp; sourceTree = "<group>"; };
		BBAD9AA825B1052300324113 /* ShaderAttribute.hpp */ = {isa = PBXFileReference; fileEncoding = 4; lastKnownFileType = sourcecode.cpp.h; path = ShaderAttribute.hpp; sourceTree = "<group>"; };
		BBAD9AA925B1052300324113 /* ItemSelectView.hpp */ = {isa = PBXFileReference; fileEncoding = 4; lastKnownFileType = sourcecode.cpp.h; path = ItemSelectView.hpp; sourceTree = "<group>"; };
		BBAD9AAA25B1052300324113 /* Animation.cpp */ = {isa = PBXFileReference; fileEncoding = 4; lastKnownFileType = sourcecode.cpp.cpp; path = Animation.cpp; sourceTree = "<group>"; };
		BBAD9AAB25B1052300324113 /* CursorInputManager.cpp */ = {isa = PBXFileReference; fileEncoding = 4; lastKnownFileType = sourcecode.cpp.cpp; path = CursorInputManager.cpp; sourceTree = "<group>"; };
		BBAD9AAC25B1052300324113 /* Framebuffer.hpp */ = {isa = PBXFileReference; fileEncoding = 4; lastKnownFileType = sourcecode.cpp.h; path = Framebuffer.hpp; sourceTree = "<group>"; };
		BBAD9AAD25B1052300324113 /* Constants.hpp */ = {isa = PBXFileReference; fileEncoding = 4; lastKnownFileType = sourcecode.cpp.h; path = Constants.hpp; sourceTree = "<group>"; };
		BBAD9AAE25B1052300324113 /* CursorEventType.hpp */ = {isa = PBXFileReference; fileEncoding = 4; lastKnownFileType = sourcecode.cpp.h; path = CursorEventType.hpp; sourceTree = "<group>"; };
		BBAD9AAF25B1052300324113 /* Texture.hpp */ = {isa = PBXFileReference; fileEncoding = 4; lastKnownFileType = sourcecode.cpp.h; path = Texture.hpp; sourceTree = "<group>"; };
		BBAD9AB025B1052300324113 /* AssetHandlerFactory.hpp */ = {isa = PBXFileReference; fileEncoding = 4; lastKnownFileType = sourcecode.cpp.h; path = AssetHandlerFactory.hpp; sourceTree = "<group>"; };
		BBAD9AB125B1052300324113 /* MathUtil.hpp */ = {isa = PBXFileReference; fileEncoding = 4; lastKnownFileType = sourcecode.cpp.h; path = MathUtil.hpp; sourceTree = "<group>"; };
		BBAD9AB325B1052300324113 /* AndroidAssetHandler.cpp */ = {isa = PBXFileReference; fileEncoding = 4; lastKnownFileType = sourcecode.cpp.cpp; path = AndroidAssetHandler.cpp; sourceTree = "<group>"; };
		BBAD9AB425B1052300324113 /* JNIAndroidAssetHandler.hpp */ = {isa = PBXFileReference; fileEncoding = 4; lastKnownFileType = sourcecode.cpp.h; path = JNIAndroidAssetHandler.hpp; sourceTree = "<group>"; };
		BBAD9AB525B1052300324113 /* AndroidAssetHandler.hpp */ = {isa = PBXFileReference; fileEncoding = 4; lastKnownFileType = sourcecode.cpp.h; path = AndroidAssetHandler.hpp; sourceTree = "<group>"; };
		BBAD9AB625B1052300324113 /* JNIAndroidAssetHandler.cpp */ = {isa = PBXFileReference; fileEncoding = 4; lastKnownFileType = sourcecode.cpp.cpp; path = JNIAndroidAssetHandler.cpp; sourceTree = "<group>"; };
		BBAD9AB725B1052300324113 /* TextureManager.cpp */ = {isa = PBXFileReference; fileEncoding = 4; lastKnownFileType = sourcecode.cpp.cpp; path = TextureManager.cpp; sourceTree = "<group>"; };
		BBAD9AB825B1052300324113 /* SceneSelectView.hpp */ = {isa = PBXFileReference; fileEncoding = 4; lastKnownFileType = sourcecode.cpp.h; path = SceneSelectView.hpp; sourceTree = "<group>"; };
		BBAD9AB925B1052300324113 /* View.hpp */ = {isa = PBXFileReference; fileEncoding = 4; lastKnownFileType = sourcecode.cpp.h; path = View.hpp; sourceTree = "<group>"; };
		BBAD9ABA25B1052300324113 /* Color.hpp */ = {isa = PBXFileReference; fileEncoding = 4; lastKnownFileType = sourcecode.cpp.h; path = Color.hpp; sourceTree = "<group>"; };
		BBAD9ABB25B1052300324113 /* Shader.hpp */ = {isa = PBXFileReference; fileEncoding = 4; lastKnownFileType = sourcecode.cpp.h; path = Shader.hpp; sourceTree = "<group>"; };
		BBAD9ABC25B1052300324113 /* Engine.cpp */ = {isa = PBXFileReference; fileEncoding = 4; lastKnownFileType = sourcecode.cpp.cpp; path = Engine.cpp; sourceTree = "<group>"; };
		BBAD9ABD25B1052300324113 /* TextureDescriptor.cpp */ = {isa = PBXFileReference; fileEncoding = 4; lastKnownFileType = sourcecode.cpp.cpp; path = TextureDescriptor.cpp; sourceTree = "<group>"; };
		BBAD9ABE25B1052300324113 /* CursorConverter.hpp */ = {isa = PBXFileReference; fileEncoding = 4; lastKnownFileType = sourcecode.cpp.h; path = CursorConverter.hpp; sourceTree = "<group>"; };
		BBAD9ABF25B1052300324113 /* TextureRegion.hpp */ = {isa = PBXFileReference; fileEncoding = 4; lastKnownFileType = sourcecode.cpp.h; path = TextureRegion.hpp; sourceTree = "<group>"; };
		BBAD9AC025B1052300324113 /* SpriteBatcher.hpp */ = {isa = PBXFileReference; fileEncoding = 4; lastKnownFileType = sourcecode.cpp.h; path = SpriteBatcher.hpp; sourceTree = "<group>"; };
		BBAD9AC125B1052300324113 /* PlatformMacros.hpp */ = {isa = PBXFileReference; fileEncoding = 4; lastKnownFileType = sourcecode.cpp.h; path = PlatformMacros.hpp; sourceTree = "<group>"; };
		BBAD9AC225B1052300324113 /* TextureLoader.hpp */ = {isa = PBXFileReference; fileEncoding = 4; lastKnownFileType = sourcecode.cpp.h; path = TextureLoader.hpp; sourceTree = "<group>"; };
		BBAD9AC325B1052300324113 /* ShaderManager.cpp */ = {isa = PBXFileReference; fileEncoding = 4; lastKnownFileType = sourcecode.cpp.cpp; path = ShaderManager.cpp; sourceTree = "<group>"; };
		BBAD9AC425B1052300324113 /* Assets.hpp */ = {isa = PBXFileReference; fileEncoding = 4; lastKnownFileType = sourcecode.cpp.h; path = Assets.hpp; sourceTree = "<group>"; };
		BBAD9AC525B1052300324113 /* MainView.hpp */ = {isa = PBXFileReference; fileEncoding = 4; lastKnownFileType = sourcecode.cpp.h; path = MainView.hpp; sourceTree = "<group>"; };
		BBAD9AC625B1052300324113 /* ShaderLoader.cpp */ = {isa = PBXFileReference; fileEncoding = 4; lastKnownFileType = sourcecode.cpp.cpp; path = ShaderLoader.cpp; sourceTree = "<group>"; };
		BBAD9AC725B1052300324113 /* OpenGLWrapper.cpp */ = {isa = PBXFileReference; fileEncoding = 4; lastKnownFileType = sourcecode.cpp.cpp; path = OpenGLWrapper.cpp; sourceTree = "<group>"; };
		BBAD9AC825B1052300324113 /* ShaderDescriptor.cpp */ = {isa = PBXFileReference; fileEncoding = 4; lastKnownFileType = sourcecode.cpp.cpp; path = ShaderDescriptor.cpp; sourceTree = "<group>"; };
		BBAD9AC925B1052300324113 /* DragView.hpp */ = {isa = PBXFileReference; fileEncoding = 4; lastKnownFileType = sourcecode.cpp.h; path = DragView.hpp; sourceTree = "<group>"; };
		BBAD9ACA25B1052300324113 /* Renderer.cpp */ = {isa = PBXFileReference; fileEncoding = 4; lastKnownFileType = sourcecode.cpp.cpp; path = Renderer.cpp; sourceTree = "<group>"; };
		BBAD9ACB25B1052300324113 /* AssetHandler.hpp */ = {isa = PBXFileReference; fileEncoding = 4; lastKnownFileType = sourcecode.cpp.h; path = AssetHandler.hpp; sourceTree = "<group>"; };
		BBAD9ACC25B1052300324113 /* StaticPool.hpp */ = {isa = PBXFileReference; fileEncoding = 4; lastKnownFileType = sourcecode.cpp.h; path = StaticPool.hpp; sourceTree = "<group>"; };
		BBAD9ACD25B1052300324113 /* ScreenRenderer.cpp */ = {isa = PBXFileReference; fileEncoding = 4; lastKnownFileType = sourcecode.cpp.cpp; path = ScreenRenderer.cpp; sourceTree = "<group>"; };
		BBAD9ACE25B1052300324113 /* Vector2.hpp */ = {isa = PBXFileReference; fileEncoding = 4; lastKnownFileType = sourcecode.cpp.h; path = Vector2.hpp; sourceTree = "<group>"; };
		BBAD9ACF25B1052300324113 /* Entity.hpp */ = {isa = PBXFileReference; fileEncoding = 4; lastKnownFileType = sourcecode.cpp.h; path = Entity.hpp; sourceTree = "<group>"; };
		BBAD9D7025B106BB00324113 /* EngineObjCBridge.h */ = {isa = PBXFileReference; lastKnownFileType = sourcecode.c.h; path = EngineObjCBridge.h; sourceTree = "<group>"; };
		BBAD9D9625B1127A00324113 /* shader_001.fsh */ = {isa = PBXFileReference; fileEncoding = 4; lastKnownFileType = sourcecode.glsl; path = shader_001.fsh; sourceTree = "<group>"; };
		BBAD9D9725B1127A00324113 /* shader_001.vsh */ = {isa = PBXFileReference; fileEncoding = 4; lastKnownFileType = sourcecode.glsl; path = shader_001.vsh; sourceTree = "<group>"; };
		BBAD9D9825B1127A00324113 /* texture_001.png */ = {isa = PBXFileReference; lastKnownFileType = image.png; path = texture_001.png; sourceTree = "<group>"; };
		BBAD9D9925B1127A00324113 /* shader_000.fsh */ = {isa = PBXFileReference; fileEncoding = 4; lastKnownFileType = sourcecode.glsl; path = shader_000.fsh; sourceTree = "<group>"; };
		BBAD9D9A25B1127A00324113 /* assets.json */ = {isa = PBXFileReference; fileEncoding = 4; lastKnownFileType = text.json; path = assets.json; sourceTree = "<group>"; };
		BBAD9D9B25B1127A00324113 /* texture_002.png */ = {isa = PBXFileReference; lastKnownFileType = image.png; path = texture_002.png; sourceTree = "<group>"; };
		BBAD9D9C25B1127A00324113 /* texture_000.png */ = {isa = PBXFileReference; lastKnownFileType = image.png; path = texture_000.png; sourceTree = "<group>"; };
		BBAD9D9D25B1127A00324113 /* shader_000.vsh */ = {isa = PBXFileReference; fileEncoding = 4; lastKnownFileType = sourcecode.glsl; path = shader_000.vsh; sourceTree = "<group>"; };
/* End PBXFileReference section */

/* Begin PBXFrameworksBuildPhase section */
		BB7ED7272450F1EA0077BB8C /* Frameworks */ = {
			isa = PBXFrameworksBuildPhase;
			buildActionMask = 2147483647;
			files = (
			);
			runOnlyForDeploymentPostprocessing = 0;
		};
/* End PBXFrameworksBuildPhase section */

/* Begin PBXGroup section */
		BB7ED7212450F1EA0077BB8C = {
			isa = PBXGroup;
			children = (
				BBAD9D7125B1126B00324113 /* assets */,
				BBAD976925B1052200324113 /* deps */,
				BB7ED72C2450F1EA0077BB8C /* GowEngineDemo */,
				BB7ED72B2450F1EA0077BB8C /* Products */,
			);
			sourceTree = "<group>";
		};
		BB7ED72B2450F1EA0077BB8C /* Products */ = {
			isa = PBXGroup;
			children = (
				BB7ED72A2450F1EA0077BB8C /* GowEngineDemo.app */,
			);
			name = Products;
			sourceTree = "<group>";
		};
		BB7ED72C2450F1EA0077BB8C /* GowEngineDemo */ = {
			isa = PBXGroup;
			children = (
				BB7ED72D2450F1EA0077BB8C /* AppDelegate.swift */,
				BB7ED7362450F1EB0077BB8C /* Assets.xcassets */,
				BBAD976625B1049E00324113 /* Engine.swift */,
				BBAD9D7025B106BB00324113 /* EngineObjCBridge.h */,
				BB7ED73B2450F1EB0077BB8C /* Info.plist */,
				BB7ED7382450F1EB0077BB8C /* LaunchScreen.storyboard */,
				BBAD976525B1049E00324113 /* NSEngine.hpp */,
				BBAD976425B1049E00324113 /* NSEngine.mm */,
				BB7ED72F2450F1EA0077BB8C /* SceneDelegate.swift */,
				BB7ED7312450F1EA0077BB8C /* ViewController.swift */,
			);
			path = GowEngineDemo;
			sourceTree = "<group>";
		};
		BBAD976925B1052200324113 /* deps */ = {
			isa = PBXGroup;
			children = (
				BBAD976A25B1052200324113 /* GowEngine */,
			);
			name = deps;
			path = ../../../deps;
			sourceTree = "<group>";
		};
		BBAD976A25B1052200324113 /* GowEngine */ = {
			isa = PBXGroup;
			children = (
				BBAD976F25B1052200324113 /* deps */,
				BBAD976D25B1052200324113 /* README.md */,
				BBAD9A8225B1052300324113 /* src */,
			);
			path = GowEngine;
			sourceTree = "<group>";
		};
		BBAD976F25B1052200324113 /* deps */ = {
			isa = PBXGroup;
			children = (
				BBAD991C25B1052200324113 /* rapidjson */,
				BBAD977025B1052200324113 /* stb */,
			);
			path = deps;
			sourceTree = "<group>";
		};
		BBAD977025B1052200324113 /* stb */ = {
			isa = PBXGroup;
			children = (
				BBAD98EE25B1052200324113 /* stb_image.h */,
			);
			path = stb;
			sourceTree = "<group>";
		};
		BBAD991C25B1052200324113 /* rapidjson */ = {
			isa = PBXGroup;
			children = (
				BBAD9A0925B1052300324113 /* include */,
			);
			path = rapidjson;
			sourceTree = "<group>";
		};
		BBAD9A0925B1052300324113 /* include */ = {
			isa = PBXGroup;
			children = (
				BBAD9A0A25B1052300324113 /* rapidjson */,
			);
			path = include;
			sourceTree = "<group>";
		};
		BBAD9A0A25B1052300324113 /* rapidjson */ = {
			isa = PBXGroup;
			children = (
				BBAD9A2925B1052300324113 /* allocators.h */,
				BBAD9A1225B1052300324113 /* cursorstreamwrapper.h */,
				BBAD9A2825B1052300324113 /* document.h */,
				BBAD9A1025B1052300324113 /* encodedstream.h */,
				BBAD9A2325B1052300324113 /* encodings.h */,
				BBAD9A2B25B1052300324113 /* error */,
				BBAD9A1125B1052300324113 /* filereadstream.h */,
				BBAD9A2625B1052300324113 /* filewritestream.h */,
				BBAD9A0B25B1052300324113 /* fwd.h */,
				BBAD9A1525B1052300324113 /* internal */,
				BBAD9A1325B1052300324113 /* istreamwrapper.h */,
				BBAD9A2E25B1052300324113 /* memorybuffer.h */,
				BBAD9A0C25B1052300324113 /* memorystream.h */,
				BBAD9A3025B1052300324113 /* msinttypes */,
				BBAD9A0F25B1052300324113 /* ostreamwrapper.h */,
				BBAD9A2F25B1052300324113 /* pointer.h */,
				BBAD9A0E25B1052300324113 /* prettywriter.h */,
				BBAD9A2725B1052300324113 /* rapidjson.h */,
				BBAD9A0D25B1052300324113 /* reader.h */,
				BBAD9A2425B1052300324113 /* schema.h */,
				BBAD9A2525B1052300324113 /* stream.h */,
				BBAD9A1425B1052300324113 /* stringbuffer.h */,
				BBAD9A2A25B1052300324113 /* writer.h */,
			);
			path = rapidjson;
			sourceTree = "<group>";
		};
		BBAD9A1525B1052300324113 /* internal */ = {
			isa = PBXGroup;
			children = (
				BBAD9A1B25B1052300324113 /* biginteger.h */,
				BBAD9A2025B1052300324113 /* clzll.h */,
				BBAD9A1A25B1052300324113 /* diyfp.h */,
				BBAD9A1F25B1052300324113 /* dtoa.h */,
				BBAD9A1625B1052300324113 /* ieee754.h */,
				BBAD9A1D25B1052300324113 /* itoa.h */,
				BBAD9A2125B1052300324113 /* meta.h */,
				BBAD9A2225B1052300324113 /* pow10.h */,
				BBAD9A1925B1052300324113 /* regex.h */,
				BBAD9A1E25B1052300324113 /* stack.h */,
				BBAD9A1C25B1052300324113 /* strfunc.h */,
				BBAD9A1725B1052300324113 /* strtod.h */,
				BBAD9A1825B1052300324113 /* swap.h */,
			);
			path = internal;
			sourceTree = "<group>";
		};
		BBAD9A2B25B1052300324113 /* error */ = {
			isa = PBXGroup;
			children = (
				BBAD9A2D25B1052300324113 /* en.h */,
				BBAD9A2C25B1052300324113 /* error.h */,
			);
			path = error;
			sourceTree = "<group>";
		};
		BBAD9A3025B1052300324113 /* msinttypes */ = {
			isa = PBXGroup;
			children = (
				BBAD9A3125B1052300324113 /* inttypes.h */,
				BBAD9A3225B1052300324113 /* stdint.h */,
			);
			path = msinttypes;
			sourceTree = "<group>";
		};
		BBAD9A8225B1052300324113 /* src */ = {
			isa = PBXGroup;
			children = (
				BBAD9AB225B1052300324113 /* android */,
				BBAD9AAA25B1052300324113 /* Animation.cpp */,
				BBAD9A9B25B1052300324113 /* Animation.hpp */,
				BBAD9A8325B1052300324113 /* apple */,
				BBAD9A9425B1052300324113 /* AssetHandler.cpp */,
				BBAD9ACB25B1052300324113 /* AssetHandler.hpp */,
				BBAD9AA125B1052300324113 /* AssetHandlerFactory.cpp */,
				BBAD9AB025B1052300324113 /* AssetHandlerFactory.hpp */,
				BBAD9A8E25B1052300324113 /* Assets.cpp */,
				BBAD9AC425B1052300324113 /* Assets.hpp */,
				BBAD9ABA25B1052300324113 /* Color.hpp */,
				BBAD9AAD25B1052300324113 /* Constants.hpp */,
				BBAD9A8A25B1052300324113 /* CursorConverter.cpp */,
				BBAD9ABE25B1052300324113 /* CursorConverter.hpp */,
				BBAD9A9D25B1052300324113 /* CursorEvent.hpp */,
				BBAD9AAE25B1052300324113 /* CursorEventType.hpp */,
				BBAD9AAB25B1052300324113 /* CursorInputManager.cpp */,
				BBAD9AA025B1052300324113 /* CursorInputManager.hpp */,
				BBAD9A9225B1052300324113 /* DragView.cpp */,
				BBAD9AC925B1052300324113 /* DragView.hpp */,
				BBAD9ABC25B1052300324113 /* Engine.cpp */,
				BBAD9A8825B1052300324113 /* Engine.hpp */,
				BBAD9A9725B1052300324113 /* Entity.cpp */,
				BBAD9ACF25B1052300324113 /* Entity.hpp */,
				BBAD9AA525B1052300324113 /* FileData.hpp */,
				BBAD9AA725B1052300324113 /* FPSUtil.cpp */,
				BBAD9A9925B1052300324113 /* FPSUtil.hpp */,
				BBAD9AAC25B1052300324113 /* Framebuffer.hpp */,
				BBAD9A9C25B1052300324113 /* ItemSelectView.cpp */,
				BBAD9AA925B1052300324113 /* ItemSelectView.hpp */,
				BBAD9A9A25B1052300324113 /* Macros.hpp */,
				BBAD9A9025B1052300324113 /* MainView.cpp */,
				BBAD9AC525B1052300324113 /* MainView.hpp */,
				BBAD9AB125B1052300324113 /* MathUtil.hpp */,
				BBAD9AC725B1052300324113 /* OpenGLWrapper.cpp */,
				BBAD9A9125B1052300324113 /* OpenGLWrapper.hpp */,
				BBAD9AC125B1052300324113 /* PlatformMacros.hpp */,
				BBAD9AA625B1052300324113 /* Rectangle.hpp */,
				BBAD9ACA25B1052300324113 /* Renderer.cpp */,
				BBAD9A9525B1052300324113 /* Renderer.hpp */,
				BBAD9AA325B1052300324113 /* SceneSelectView.cpp */,
				BBAD9AB825B1052300324113 /* SceneSelectView.hpp */,
				BBAD9ACD25B1052300324113 /* ScreenRenderer.cpp */,
				BBAD9A9625B1052300324113 /* ScreenRenderer.hpp */,
				BBAD9ABB25B1052300324113 /* Shader.hpp */,
				BBAD9AA825B1052300324113 /* ShaderAttribute.hpp */,
				BBAD9AC825B1052300324113 /* ShaderDescriptor.cpp */,
				BBAD9A9325B1052300324113 /* ShaderDescriptor.hpp */,
				BBAD9A9E25B1052300324113 /* ShaderInput.hpp */,
				BBAD9AC625B1052300324113 /* ShaderLoader.cpp */,
				BBAD9A8F25B1052300324113 /* ShaderLoader.hpp */,
				BBAD9AC325B1052300324113 /* ShaderManager.cpp */,
				BBAD9A8C25B1052300324113 /* ShaderManager.hpp */,
				BBAD9A9F25B1052300324113 /* ShaderUniform.hpp */,
				BBAD9A8B25B1052300324113 /* SpriteBatcher.cpp */,
				BBAD9AC025B1052300324113 /* SpriteBatcher.hpp */,
				BBAD9ACC25B1052300324113 /* StaticPool.hpp */,
				BBAD9AAF25B1052300324113 /* Texture.hpp */,
				BBAD9ABD25B1052300324113 /* TextureDescriptor.cpp */,
				BBAD9A8925B1052300324113 /* TextureDescriptor.hpp */,
				BBAD9A8D25B1052300324113 /* TextureLoader.cpp */,
				BBAD9AC225B1052300324113 /* TextureLoader.hpp */,
				BBAD9AB725B1052300324113 /* TextureManager.cpp */,
				BBAD9AA225B1052300324113 /* TextureManager.hpp */,
				BBAD9ABF25B1052300324113 /* TextureRegion.hpp */,
				BBAD9A9825B1052300324113 /* Vector2.cpp */,
				BBAD9ACE25B1052300324113 /* Vector2.hpp */,
				BBAD9AA425B1052300324113 /* View.cpp */,
				BBAD9AB925B1052300324113 /* View.hpp */,
			);
			path = src;
			sourceTree = "<group>";
		};
		BBAD9A8325B1052300324113 /* apple */ = {
			isa = PBXGroup;
			children = (
				BBAD9A8525B1052300324113 /* AppleAssetHandler.cpp */,
				BBAD9A8725B1052300324113 /* AppleAssetHandler.hpp */,
				BBAD9A8425B1052300324113 /* NSAppleAssetHandler.hpp */,
				BBAD9A8625B1052300324113 /* NSAppleAssetHandler.mm */,
			);
			path = apple;
			sourceTree = "<group>";
		};
		BBAD9AB225B1052300324113 /* android */ = {
			isa = PBXGroup;
			children = (
				BBAD9AB325B1052300324113 /* AndroidAssetHandler.cpp */,
				BBAD9AB525B1052300324113 /* AndroidAssetHandler.hpp */,
				BBAD9AB625B1052300324113 /* JNIAndroidAssetHandler.cpp */,
				BBAD9AB425B1052300324113 /* JNIAndroidAssetHandler.hpp */,
			);
			path = android;
			sourceTree = "<group>";
		};
		BBAD9D7125B1126B00324113 /* assets */ = {
			isa = PBXGroup;
			children = (
				BBAD9D7225B1126B00324113 /* out */,
			);
			name = assets;
			path = ../../../assets;
			sourceTree = "<group>";
		};
		BBAD9D7225B1126B00324113 /* out */ = {
			isa = PBXGroup;
			children = (
				BBAD9D9A25B1127A00324113 /* assets.json */,
				BBAD9D9925B1127A00324113 /* shader_000.fsh */,
				BBAD9D9D25B1127A00324113 /* shader_000.vsh */,
				BBAD9D9625B1127A00324113 /* shader_001.fsh */,
				BBAD9D9725B1127A00324113 /* shader_001.vsh */,
				BBAD9D9C25B1127A00324113 /* texture_000.png */,
				BBAD9D9825B1127A00324113 /* texture_001.png */,
				BBAD9D9B25B1127A00324113 /* texture_002.png */,
			);
			path = out;
			sourceTree = "<group>";
		};
/* End PBXGroup section */

/* Begin PBXNativeTarget section */
		BB7ED7292450F1EA0077BB8C /* GowEngineDemo */ = {
			isa = PBXNativeTarget;
			buildConfigurationList = BB7ED73E2450F1EB0077BB8C /* Build configuration list for PBXNativeTarget "GowEngineDemo" */;
			buildPhases = (
				BB7ED7262450F1EA0077BB8C /* Sources */,
				BB7ED7272450F1EA0077BB8C /* Frameworks */,
				BB7ED7282450F1EA0077BB8C /* Resources */,
				BBBC8338245B7CBC00CAF644 /* Embed Frameworks */,
			);
			buildRules = (
			);
			dependencies = (
			);
			name = GowEngineDemo;
			productName = GowEngineDemo;
			productReference = BB7ED72A2450F1EA0077BB8C /* GowEngineDemo.app */;
			productType = "com.apple.product-type.application";
		};
/* End PBXNativeTarget section */

/* Begin PBXProject section */
		BB7ED7222450F1EA0077BB8C /* Project object */ = {
			isa = PBXProject;
			attributes = {
				LastSwiftUpdateCheck = 1140;
				LastUpgradeCheck = 1230;
				ORGANIZATIONNAME = "Stephen Gowen";
				TargetAttributes = {
					BB7ED7292450F1EA0077BB8C = {
						CreatedOnToolsVersion = 11.4;
					};
				};
			};
			buildConfigurationList = BB7ED7252450F1EA0077BB8C /* Build configuration list for PBXProject "GowEngineDemo" */;
			compatibilityVersion = "Xcode 9.3";
			developmentRegion = en;
			hasScannedForEncodings = 0;
			knownRegions = (
				en,
				Base,
			);
			mainGroup = BB7ED7212450F1EA0077BB8C;
			productRefGroup = BB7ED72B2450F1EA0077BB8C /* Products */;
			projectDirPath = "";
			projectRoot = "";
			targets = (
				BB7ED7292450F1EA0077BB8C /* GowEngineDemo */,
			);
		};
/* End PBXProject section */

/* Begin PBXResourcesBuildPhase section */
		BB7ED7282450F1EA0077BB8C /* Resources */ = {
			isa = PBXResourcesBuildPhase;
			buildActionMask = 2147483647;
			files = (
				BBAD9DA125B1127A00324113 /* shader_000.fsh in Resources */,
				BBAD9DA325B1127A00324113 /* texture_002.png in Resources */,
				BBAD9D9E25B1127A00324113 /* shader_001.fsh in Resources */,
				BBAD9DA025B1127A00324113 /* texture_001.png in Resources */,
				BBAD9DA525B1127A00324113 /* shader_000.vsh in Resources */,
				BB7ED73A2450F1EB0077BB8C /* LaunchScreen.storyboard in Resources */,
				BBAD9D9F25B1127A00324113 /* shader_001.vsh in Resources */,
				BBAD9DA425B1127A00324113 /* texture_000.png in Resources */,
				BBAD9AD125B1052300324113 /* README.md in Resources */,
				BBAD9DA225B1127A00324113 /* assets.json in Resources */,
				BB7ED7372450F1EB0077BB8C /* Assets.xcassets in Resources */,
			);
			runOnlyForDeploymentPostprocessing = 0;
		};
/* End PBXResourcesBuildPhase section */

/* Begin PBXSourcesBuildPhase section */
		BB7ED7262450F1EA0077BB8C /* Sources */ = {
			isa = PBXSourcesBuildPhase;
			buildActionMask = 2147483647;
			files = (
				BBAD9D6A25B1052400324113 /* OpenGLWrapper.cpp in Sources */,
				BBAD9D6925B1052400324113 /* ShaderLoader.cpp in Sources */,
				BB7ED7322450F1EA0077BB8C /* ViewController.swift in Sources */,
				BBAD9D5225B1052400324113 /* NSAppleAssetHandler.mm in Sources */,
				BBAD9D5125B1052400324113 /* AppleAssetHandler.cpp in Sources */,
				BBAD9D6C25B1052400324113 /* Renderer.cpp in Sources */,
				BBAD9D5425B1052400324113 /* SpriteBatcher.cpp in Sources */,
				BBAD9D6125B1052400324113 /* Animation.cpp in Sources */,
				BBAD9D5325B1052400324113 /* CursorConverter.cpp in Sources */,
				BBAD976725B1049E00324113 /* NSEngine.mm in Sources */,
				BBAD9D5D25B1052400324113 /* AssetHandlerFactory.cpp in Sources */,
				BBAD9D6B25B1052400324113 /* ShaderDescriptor.cpp in Sources */,
				BBAD9D5C25B1052400324113 /* ItemSelectView.cpp in Sources */,
				BBAD9D5F25B1052400324113 /* View.cpp in Sources */,
				BBAD9D5825B1052400324113 /* DragView.cpp in Sources */,
				BBAD9D5A25B1052400324113 /* Entity.cpp in Sources */,
				BBAD9D6825B1052400324113 /* ShaderManager.cpp in Sources */,
				BBAD9D5E25B1052400324113 /* SceneSelectView.cpp in Sources */,
				BBAD9D6225B1052400324113 /* CursorInputManager.cpp in Sources */,
				BBAD9D5925B1052400324113 /* AssetHandler.cpp in Sources */,
				BBAD9D6D25B1052400324113 /* ScreenRenderer.cpp in Sources */,
				BBAD976825B1049E00324113 /* Engine.swift in Sources */,
				BBAD9D5625B1052400324113 /* Assets.cpp in Sources */,
				BBAD9D5B25B1052400324113 /* Vector2.cpp in Sources */,
				BBAD9D6025B1052400324113 /* FPSUtil.cpp in Sources */,
				BBAD9D6525B1052400324113 /* TextureManager.cpp in Sources */,
				BB7ED72E2450F1EA0077BB8C /* AppDelegate.swift in Sources */,
				BBAD9D5525B1052400324113 /* TextureLoader.cpp in Sources */,
				BBAD9D6625B1052400324113 /* Engine.cpp in Sources */,
				BB7ED7302450F1EA0077BB8C /* SceneDelegate.swift in Sources */,
				BBAD9D6725B1052400324113 /* TextureDescriptor.cpp in Sources */,
				BBAD9D5725B1052400324113 /* MainView.cpp in Sources */,
			);
			runOnlyForDeploymentPostprocessing = 0;
		};
/* End PBXSourcesBuildPhase section */

/* Begin PBXVariantGroup section */
		BB7ED7382450F1EB0077BB8C /* LaunchScreen.storyboard */ = {
			isa = PBXVariantGroup;
			children = (
				BB7ED7392450F1EB0077BB8C /* Base */,
			);
			name = LaunchScreen.storyboard;
			sourceTree = "<group>";
		};
/* End PBXVariantGroup section */

/* Begin XCBuildConfiguration section */
		BB7ED73C2450F1EB0077BB8C /* Debug */ = {
			isa = XCBuildConfiguration;
			buildSettings = {
				ALWAYS_SEARCH_USER_PATHS = NO;
				CLANG_ANALYZER_NONNULL = YES;
				CLANG_ANALYZER_NUMBER_OBJECT_CONVERSION = YES_AGGRESSIVE;
				CLANG_CXX_LANGUAGE_STANDARD = "gnu++14";
				CLANG_CXX_LIBRARY = "libc++";
				CLANG_ENABLE_MODULES = YES;
				CLANG_ENABLE_OBJC_ARC = YES;
				CLANG_ENABLE_OBJC_WEAK = YES;
				CLANG_WARN_BLOCK_CAPTURE_AUTORELEASING = YES;
				CLANG_WARN_BOOL_CONVERSION = YES;
				CLANG_WARN_COMMA = YES;
				CLANG_WARN_CONSTANT_CONVERSION = YES;
				CLANG_WARN_DEPRECATED_OBJC_IMPLEMENTATIONS = YES;
				CLANG_WARN_DIRECT_OBJC_ISA_USAGE = YES_ERROR;
				CLANG_WARN_DOCUMENTATION_COMMENTS = YES;
				CLANG_WARN_EMPTY_BODY = YES;
				CLANG_WARN_ENUM_CONVERSION = YES;
				CLANG_WARN_INFINITE_RECURSION = YES;
				CLANG_WARN_INT_CONVERSION = YES;
				CLANG_WARN_NON_LITERAL_NULL_CONVERSION = YES;
				CLANG_WARN_OBJC_IMPLICIT_RETAIN_SELF = YES;
				CLANG_WARN_OBJC_LITERAL_CONVERSION = YES;
				CLANG_WARN_OBJC_ROOT_CLASS = YES_ERROR;
				CLANG_WARN_QUOTED_INCLUDE_IN_FRAMEWORK_HEADER = YES;
				CLANG_WARN_RANGE_LOOP_ANALYSIS = YES;
				CLANG_WARN_STRICT_PROTOTYPES = YES;
				CLANG_WARN_SUSPICIOUS_MOVE = YES;
				CLANG_WARN_UNGUARDED_AVAILABILITY = YES_AGGRESSIVE;
				CLANG_WARN_UNREACHABLE_CODE = YES;
				CLANG_WARN__DUPLICATE_METHOD_MATCH = YES;
				COPY_PHASE_STRIP = NO;
				DEBUG_INFORMATION_FORMAT = dwarf;
				ENABLE_STRICT_OBJC_MSGSEND = YES;
				ENABLE_TESTABILITY = YES;
				GCC_C_LANGUAGE_STANDARD = gnu11;
				GCC_DYNAMIC_NO_PIC = NO;
				GCC_NO_COMMON_BLOCKS = YES;
				GCC_OPTIMIZATION_LEVEL = 0;
				GCC_PREPROCESSOR_DEFINITIONS = (
					"DEBUG=1",
					"$(inherited)",
				);
				GCC_WARN_64_TO_32_BIT_CONVERSION = YES;
				GCC_WARN_ABOUT_RETURN_TYPE = YES_ERROR;
				GCC_WARN_UNDECLARED_SELECTOR = YES;
				GCC_WARN_UNINITIALIZED_AUTOS = YES_AGGRESSIVE;
				GCC_WARN_UNUSED_FUNCTION = YES;
				GCC_WARN_UNUSED_VARIABLE = YES;
				IPHONEOS_DEPLOYMENT_TARGET = 14.3;
				MTL_ENABLE_DEBUG_INFO = INCLUDE_SOURCE;
				MTL_FAST_MATH = YES;
				ONLY_ACTIVE_ARCH = YES;
				SDKROOT = iphoneos;
				SWIFT_ACTIVE_COMPILATION_CONDITIONS = DEBUG;
				SWIFT_OPTIMIZATION_LEVEL = "-Onone";
			};
			name = Debug;
		};
		BB7ED73D2450F1EB0077BB8C /* Release */ = {
			isa = XCBuildConfiguration;
			buildSettings = {
				ALWAYS_SEARCH_USER_PATHS = NO;
				CLANG_ANALYZER_NONNULL = YES;
				CLANG_ANALYZER_NUMBER_OBJECT_CONVERSION = YES_AGGRESSIVE;
				CLANG_CXX_LANGUAGE_STANDARD = "gnu++14";
				CLANG_CXX_LIBRARY = "libc++";
				CLANG_ENABLE_MODULES = YES;
				CLANG_ENABLE_OBJC_ARC = YES;
				CLANG_ENABLE_OBJC_WEAK = YES;
				CLANG_WARN_BLOCK_CAPTURE_AUTORELEASING = YES;
				CLANG_WARN_BOOL_CONVERSION = YES;
				CLANG_WARN_COMMA = YES;
				CLANG_WARN_CONSTANT_CONVERSION = YES;
				CLANG_WARN_DEPRECATED_OBJC_IMPLEMENTATIONS = YES;
				CLANG_WARN_DIRECT_OBJC_ISA_USAGE = YES_ERROR;
				CLANG_WARN_DOCUMENTATION_COMMENTS = YES;
				CLANG_WARN_EMPTY_BODY = YES;
				CLANG_WARN_ENUM_CONVERSION = YES;
				CLANG_WARN_INFINITE_RECURSION = YES;
				CLANG_WARN_INT_CONVERSION = YES;
				CLANG_WARN_NON_LITERAL_NULL_CONVERSION = YES;
				CLANG_WARN_OBJC_IMPLICIT_RETAIN_SELF = YES;
				CLANG_WARN_OBJC_LITERAL_CONVERSION = YES;
				CLANG_WARN_OBJC_ROOT_CLASS = YES_ERROR;
				CLANG_WARN_QUOTED_INCLUDE_IN_FRAMEWORK_HEADER = YES;
				CLANG_WARN_RANGE_LOOP_ANALYSIS = YES;
				CLANG_WARN_STRICT_PROTOTYPES = YES;
				CLANG_WARN_SUSPICIOUS_MOVE = YES;
				CLANG_WARN_UNGUARDED_AVAILABILITY = YES_AGGRESSIVE;
				CLANG_WARN_UNREACHABLE_CODE = YES;
				CLANG_WARN__DUPLICATE_METHOD_MATCH = YES;
				COPY_PHASE_STRIP = NO;
				DEBUG_INFORMATION_FORMAT = "dwarf-with-dsym";
				ENABLE_NS_ASSERTIONS = NO;
				ENABLE_STRICT_OBJC_MSGSEND = YES;
				GCC_C_LANGUAGE_STANDARD = gnu11;
				GCC_NO_COMMON_BLOCKS = YES;
				GCC_WARN_64_TO_32_BIT_CONVERSION = YES;
				GCC_WARN_ABOUT_RETURN_TYPE = YES_ERROR;
				GCC_WARN_UNDECLARED_SELECTOR = YES;
				GCC_WARN_UNINITIALIZED_AUTOS = YES_AGGRESSIVE;
				GCC_WARN_UNUSED_FUNCTION = YES;
				GCC_WARN_UNUSED_VARIABLE = YES;
				IPHONEOS_DEPLOYMENT_TARGET = 14.3;
				MTL_ENABLE_DEBUG_INFO = NO;
				MTL_FAST_MATH = YES;
				SDKROOT = iphoneos;
				SWIFT_COMPILATION_MODE = wholemodule;
				SWIFT_OPTIMIZATION_LEVEL = "-O";
				VALIDATE_PRODUCT = YES;
			};
			name = Release;
		};
		BB7ED73F2450F1EB0077BB8C /* Debug */ = {
			isa = XCBuildConfiguration;
			buildSettings = {
				CODE_SIGN_STYLE = Automatic;
				DEVELOPMENT_TEAM = 83V22B9TY9;
				GCC_PREPROCESSOR_DEFINITIONS = (
					"$(inherited)",
					GLES_SILENCE_DEPRECATION,
				);
				HEADER_SEARCH_PATHS = (
					"\"$(SRCROOT)/../../../deps/GowEngine/deps/rapidjson/include\"",
					"\"$(SRCROOT)/../../../deps/GowEngine/deps/stb\"",
					"\"$(SRCROOT)/../../../deps/GowEngine/src\"",
				);
				INFOPLIST_FILE = GowEngineDemo/Info.plist;
				IPHONEOS_DEPLOYMENT_TARGET = 13.4;
				LD_RUNPATH_SEARCH_PATHS = (
					"$(inherited)",
					"@executable_path/Frameworks",
				);
				PRODUCT_BUNDLE_IDENTIFIER = com.sgowen.GowEngineDemo;
				PRODUCT_NAME = GowEngineDemo;
				SWIFT_OBJC_BRIDGING_HEADER = "$(SRCROOT)/GowEngineDemo/EngineObjCBridge.h";
				SWIFT_VERSION = 5.0;
				TARGETED_DEVICE_FAMILY = "1,2";
			};
			name = Debug;
		};
		BB7ED7402450F1EB0077BB8C /* Release */ = {
			isa = XCBuildConfiguration;
			buildSettings = {
				CODE_SIGN_STYLE = Automatic;
				DEVELOPMENT_TEAM = 83V22B9TY9;
				GCC_PREPROCESSOR_DEFINITIONS = GLES_SILENCE_DEPRECATION;
				HEADER_SEARCH_PATHS = (
					"\"$(SRCROOT)/../../../deps/GowEngine/deps/rapidjson/include\"",
					"\"$(SRCROOT)/../../../deps/GowEngine/deps/stb\"",
					"\"$(SRCROOT)/../../../deps/GowEngine/src\"",
				);
				INFOPLIST_FILE = GowEngineDemo/Info.plist;
				IPHONEOS_DEPLOYMENT_TARGET = 13.4;
				LD_RUNPATH_SEARCH_PATHS = (
					"$(inherited)",
					"@executable_path/Frameworks",
				);
				PRODUCT_BUNDLE_IDENTIFIER = com.sgowen.GowEngineDemo;
				PRODUCT_NAME = GowEngineDemo;
				SWIFT_OBJC_BRIDGING_HEADER = "$(SRCROOT)/GowEngineDemo/EngineObjCBridge.h";
				SWIFT_VERSION = 5.0;
				TARGETED_DEVICE_FAMILY = "1,2";
			};
			name = Release;
		};
/* End XCBuildConfiguration section */

/* Begin XCConfigurationList section */
		BB7ED7252450F1EA0077BB8C /* Build configuration list for PBXProject "GowEngineDemo" */ = {
			isa = XCConfigurationList;
			buildConfigurations = (
				BB7ED73C2450F1EB0077BB8C /* Debug */,
				BB7ED73D2450F1EB0077BB8C /* Release */,
			);
			defaultConfigurationIsVisible = 0;
			defaultConfigurationName = Release;
		};
		BB7ED73E2450F1EB0077BB8C /* Build configuration list for PBXNativeTarget "GowEngineDemo" */ = {
			isa = XCConfigurationList;
			buildConfigurations = (
				BB7ED73F2450F1EB0077BB8C /* Debug */,
				BB7ED7402450F1EB0077BB8C /* Release */,
			);
			defaultConfigurationIsVisible = 0;
			defaultConfigurationName = Release;
		};
/* End XCConfigurationList section */
	};
	rootObject = BB7ED7222450F1EA0077BB8C /* Project object */;
}
