<?xml version="1.0" encoding="utf-8"?>
<Project ToolsVersion="4.0" xmlns="http://schemas.microsoft.com/developer/msbuild/2003">
  <ItemGroup>
    <ClCompile Include="..\..\..\deps\GowEngine\deps\glfw\deps\glad_gl.c" />
    <ClCompile Include="..\..\..\deps\GowEngine\deps\glfw\src\context.c" />
    <ClCompile Include="..\..\..\deps\GowEngine\deps\glfw\src\egl_context.c" />
    <ClCompile Include="..\..\..\deps\GowEngine\deps\glfw\src\init.c" />
    <ClCompile Include="..\..\..\deps\GowEngine\deps\glfw\src\input.c" />
    <ClCompile Include="..\..\..\deps\GowEngine\deps\glfw\src\monitor.c" />
    <ClCompile Include="..\..\..\deps\GowEngine\deps\glfw\src\osmesa_context.c" />
    <ClCompile Include="..\..\..\deps\GowEngine\deps\glfw\src\vulkan.c" />
    <ClCompile Include="..\..\..\deps\GowEngine\deps\glfw\src\wgl_context.c" />
    <ClCompile Include="..\..\..\deps\GowEngine\deps\glfw\src\win32_init.c" />
    <ClCompile Include="..\..\..\deps\GowEngine\deps\glfw\src\win32_joystick.c" />
    <ClCompile Include="..\..\..\deps\GowEngine\deps\glfw\src\win32_monitor.c" />
    <ClCompile Include="..\..\..\deps\GowEngine\deps\glfw\src\win32_thread.c" />
    <ClCompile Include="..\..\..\deps\GowEngine\deps\glfw\src\win32_time.c" />
    <ClCompile Include="..\..\..\deps\GowEngine\deps\glfw\src\win32_window.c" />
    <ClCompile Include="..\..\..\deps\GowEngine\deps\glfw\src\window.c" />
    <ClCompile Include="..\..\..\deps\GowEngine\deps\box2d\src\collision\*.cpp" />
    <ClCompile Include="..\..\..\deps\GowEngine\deps\box2d\src\collision\*.cpp" />
    <ClCompile Include="..\..\..\deps\GowEngine\deps\box2d\src\collision\*.cpp" />
    <ClCompile Include="..\..\..\deps\GowEngine\deps\box2d\src\collision\*.cpp" />
    <ClCompile Include="..\..\..\deps\GowEngine\deps\box2d\src\collision\*.cpp" />
    <ClCompile Include="..\..\..\deps\GowEngine\deps\box2d\src\collision\*.cpp" />
    <ClCompile Include="..\..\..\deps\GowEngine\deps\box2d\src\collision\*.cpp" />
    <ClCompile Include="..\..\..\deps\GowEngine\deps\box2d\src\collision\*.cpp" />
    <ClCompile Include="..\..\..\deps\GowEngine\deps\box2d\src\collision\*.cpp" />
    <ClCompile Include="..\..\..\deps\GowEngine\deps\box2d\src\collision\*.cpp" />
    <ClCompile Include="..\..\..\deps\GowEngine\deps\box2d\src\collision\*.cpp" />
    <ClCompile Include="..\..\..\deps\GowEngine\deps\box2d\src\collision\*.cpp" />
    <ClCompile Include="..\..\..\deps\GowEngine\deps\box2d\src\common\*.cpp" />
    <ClCompile Include="..\..\..\deps\GowEngine\deps\box2d\src\common\*.cpp" />
    <ClCompile Include="..\..\..\deps\GowEngine\deps\box2d\src\common\*.cpp" />
    <ClCompile Include="..\..\..\deps\GowEngine\deps\box2d\src\common\*.cpp" />
    <ClCompile Include="..\..\..\deps\GowEngine\deps\box2d\src\common\*.cpp" />
    <ClCompile Include="..\..\..\deps\GowEngine\deps\box2d\src\common\*.cpp" />
    <ClCompile Include="..\..\..\deps\GowEngine\deps\box2d\src\dynamics\*.cpp" />
    <ClCompile Include="..\..\..\deps\GowEngine\deps\box2d\src\dynamics\*.cpp" />
    <ClCompile Include="..\..\..\deps\GowEngine\deps\box2d\src\dynamics\*.cpp" />
    <ClCompile Include="..\..\..\deps\GowEngine\deps\box2d\src\dynamics\*.cpp" />
    <ClCompile Include="..\..\..\deps\GowEngine\deps\box2d\src\dynamics\*.cpp" />
    <ClCompile Include="..\..\..\deps\GowEngine\deps\box2d\src\dynamics\*.cpp" />
    <ClCompile Include="..\..\..\deps\GowEngine\deps\box2d\src\dynamics\*.cpp" />
    <ClCompile Include="..\..\..\deps\GowEngine\deps\box2d\src\dynamics\*.cpp" />
    <ClCompile Include="..\..\..\deps\GowEngine\deps\box2d\src\dynamics\*.cpp" />
    <ClCompile Include="..\..\..\deps\GowEngine\deps\box2d\src\dynamics\*.cpp" />
    <ClCompile Include="..\..\..\deps\GowEngine\deps\box2d\src\dynamics\*.cpp" />
    <ClCompile Include="..\..\..\deps\GowEngine\deps\box2d\src\dynamics\*.cpp" />
    <ClCompile Include="..\..\..\deps\GowEngine\deps\box2d\src\dynamics\*.cpp" />
    <ClCompile Include="..\..\..\deps\GowEngine\deps\box2d\src\dynamics\*.cpp" />
    <ClCompile Include="..\..\..\deps\GowEngine\deps\box2d\src\dynamics\*.cpp" />
    <ClCompile Include="..\..\..\deps\GowEngine\deps\box2d\src\dynamics\*.cpp" />
    <ClCompile Include="..\..\..\deps\GowEngine\deps\box2d\src\dynamics\*.cpp" />
    <ClCompile Include="..\..\..\deps\GowEngine\deps\box2d\src\dynamics\*.cpp" />
    <ClCompile Include="..\..\..\deps\GowEngine\deps\box2d\src\dynamics\*.cpp" />
    <ClCompile Include="..\..\..\deps\GowEngine\deps\box2d\src\dynamics\*.cpp" />
    <ClCompile Include="..\..\..\deps\GowEngine\deps\box2d\src\dynamics\*.cpp" />
    <ClCompile Include="..\..\..\deps\GowEngine\deps\box2d\src\dynamics\*.cpp" />
    <ClCompile Include="..\..\..\deps\GowEngine\deps\box2d\src\dynamics\*.cpp" />
    <ClCompile Include="..\..\..\deps\GowEngine\deps\box2d\src\dynamics\*.cpp" />
    <ClCompile Include="..\..\..\deps\GowEngine\deps\box2d\src\dynamics\*.cpp" />
    <ClCompile Include="..\..\..\deps\GowEngine\deps\box2d\src\dynamics\*.cpp" />
    <ClCompile Include="..\..\..\deps\GowEngine\deps\box2d\src\rope\*.cpp" />
    <ClCompile Include="..\..\..\deps\GowEngine\deps\DirectXTK\Audio\AudioEngine.cpp" />
    <ClCompile Include="..\..\..\deps\GowEngine\deps\DirectXTK\Audio\DynamicSoundEffectInstance.cpp" />
    <ClCompile Include="..\..\..\deps\GowEngine\deps\DirectXTK\Audio\SoundCommon.cpp" />
    <ClCompile Include="..\..\..\deps\GowEngine\deps\DirectXTK\Audio\SoundEffect.cpp" />
    <ClCompile Include="..\..\..\deps\GowEngine\deps\DirectXTK\Audio\SoundEffectInstance.cpp" />
    <ClCompile Include="..\..\..\deps\GowEngine\deps\DirectXTK\Audio\SoundStreamInstance.cpp" />
    <ClCompile Include="..\..\..\deps\GowEngine\deps\DirectXTK\Audio\WaveBank.cpp" />
    <ClCompile Include="..\..\..\deps\GowEngine\deps\DirectXTK\Audio\WaveBankReader.cpp" />
    <ClCompile Include="..\..\..\deps\GowEngine\deps\DirectXTK\Audio\WAVFileReader.cpp" />
    <ClCompile Include="..\..\..\deps\GowEngine\src\*.cpp" />
    <ClCompile Include="..\..\..\deps\GowEngine\src\*.cpp" />
    <ClCompile Include="..\..\..\deps\GowEngine\src\*.cpp" />
    <ClCompile Include="..\..\..\deps\GowEngine\src\*.cpp" />
    <ClCompile Include="..\..\..\deps\GowEngine\src\*.cpp" />
    <ClCompile Include="..\..\..\deps\GowEngine\src\*.cpp" />
    <ClCompile Include="..\..\..\deps\GowEngine\src\*.cpp" />
    <ClCompile Include="..\..\..\deps\GowEngine\src\*.cpp" />
    <ClCompile Include="..\..\..\deps\GowEngine\src\*.cpp" />
    <ClCompile Include="..\..\..\deps\GowEngine\src\*.cpp" />
    <ClCompile Include="..\..\..\deps\GowEngine\src\*.cpp" />
    <ClCompile Include="..\..\..\deps\GowEngine\src\*.cpp" />
    <ClCompile Include="..\..\..\deps\GowEngine\src\*.cpp" />
    <ClCompile Include="..\..\..\deps\GowEngine\src\*.cpp" />
    <ClCompile Include="..\..\..\deps\GowEngine\src\*.cpp" />
    <ClCompile Include="..\..\..\deps\GowEngine\src\*.cpp" />
    <ClCompile Include="..\..\..\deps\GowEngine\src\*.cpp" />
    <ClCompile Include="..\..\..\deps\GowEngine\src\*.cpp" />
    <ClCompile Include="..\..\..\deps\GowEngine\src\*.cpp" />
    <ClCompile Include="..\..\..\deps\GowEngine\src\*.cpp" />
    <ClCompile Include="..\..\..\deps\GowEngine\src\*.cpp" />
    <ClCompile Include="..\..\..\deps\GowEngine\src\*.cpp" />
    <ClCompile Include="..\..\..\deps\GowEngine\src\*.cpp" />
    <ClCompile Include="..\..\..\deps\GowEngine\src\*.cpp" />
    <ClCompile Include="..\..\..\deps\GowEngine\src\*.cpp" />
    <ClCompile Include="..\..\..\deps\GowEngine\src\*.cpp" />
    <ClCompile Include="..\..\..\deps\GowEngine\src\*.cpp" />
    <ClCompile Include="..\..\..\deps\GowEngine\src\*.cpp" />
    <ClCompile Include="..\..\..\deps\GowEngine\src\*.cpp" />
    <ClCompile Include="..\..\..\deps\GowEngine\src\*.cpp" />
    <ClCompile Include="..\..\..\deps\GowEngine\src\*.cpp" />
    <ClCompile Include="..\..\..\deps\GowEngine\src\*.cpp" />
    <ClCompile Include="..\..\..\deps\GowEngine\src\*.cpp" />
    <ClCompile Include="..\..\..\deps\GowEngine\src\*.cpp" />
    <ClCompile Include="..\..\..\deps\GowEngine\src\*.cpp" />
    <ClCompile Include="..\..\..\deps\GowEngine\src\*.cpp" />
    <ClCompile Include="..\..\..\deps\GowEngine\src\*.cpp" />
    <ClCompile Include="..\..\..\deps\GowEngine\src\*.cpp" />
    <ClCompile Include="..\..\..\deps\GowEngine\src\*.cpp" />
    <ClCompile Include="..\..\..\deps\GowEngine\src\*.cpp" />
    <ClCompile Include="..\..\..\deps\GowEngine\src\*.cpp" />
    <ClCompile Include="..\..\..\deps\GowEngine\src\*.cpp" />
    <ClCompile Include="..\..\..\deps\GowEngine\src\*.cpp" />
    <ClCompile Include="..\..\..\deps\GowEngine\src\*.cpp" />
    <ClCompile Include="..\..\..\deps\GowEngine\src\*.cpp" />
    <ClCompile Include="..\..\..\deps\GowEngine\src\*.cpp" />
    <ClCompile Include="..\..\..\deps\GowEngine\src\*.cpp" />
    <ClCompile Include="..\..\..\deps\GowEngine\src\*.cpp" />
    <ClCompile Include="..\..\..\deps\GowEngine\src\*.cpp" />
    <ClCompile Include="..\..\..\deps\GowEngine\src\*.cpp" />
    <ClCompile Include="..\..\..\deps\GowEngine\src\*.cpp" />
    <ClCompile Include="..\..\..\deps\GowEngine\src\*.cpp" />
    <ClCompile Include="..\..\..\deps\GowEngine\src\*.cpp" />
    <ClCompile Include="..\..\..\deps\GowEngine\src\*.cpp" />
    <ClCompile Include="..\..\..\deps\GowEngine\src\*.cpp" />
    <ClCompile Include="..\..\..\deps\GowEngine\src\*.cpp" />
    <ClCompile Include="..\..\..\deps\GowEngine\src\*.cpp" />
    <ClCompile Include="..\..\..\deps\GowEngine\src\*.cpp" />
    <ClCompile Include="..\..\..\deps\GowEngine\src\*.cpp" />
    <ClCompile Include="..\..\..\deps\GowEngine\src\*.cpp" />
    <ClCompile Include="..\..\..\deps\GowEngine\src\*.cpp" />
    <ClCompile Include="..\..\..\deps\GowEngine\src\*.cpp" />
    <ClCompile Include="..\..\..\deps\GowEngine\src\*.cpp" />
    <ClCompile Include="..\..\..\deps\GowEngine\src\*.cpp" />
    <ClCompile Include="..\..\..\deps\GowEngine\src\*.cpp" />
    <ClCompile Include="..\..\..\deps\GowEngine\src\*.cpp" />
    <ClCompile Include="..\..\..\deps\GowEngine\src\*.cpp" />
    <ClCompile Include="..\..\..\deps\GowEngine\src\*.cpp" />
    <ClCompile Include="..\..\..\deps\GowEngine\src\*.cpp" />
    <ClCompile Include="..\..\..\deps\GowEngine\src\*.cpp" />
    <ClCompile Include="..\..\..\deps\GowEngine\src\windows\*.cpp" />
    <ClCompile Include="..\..\..\deps\GowEngine\src\windows\*.cpp" />
    <ClCompile Include="..\..\..\deps\GowEngine\src\windows\*.cpp" />
    <ClCompile Include="..\..\..\deps\GowEngine\src\windows\*.cpp" />
    <ClCompile Include="..\..\..\deps\GowEngine\src\glfw\*.cpp" />
    <ClCompile Include="..\..\core\*.cpp" />
    <ClCompile Include="..\..\core\*.cpp" />
    <ClCompile Include="..\..\core\*.cpp" />
    <ClCompile Include="main.cpp" />
  </ItemGroup>
  <ItemGroup>
    <ClInclude Include="..\..\..\deps\GowEngine\src\*.hpp" />
    <ClInclude Include="..\..\..\deps\GowEngine\src\*.hpp" />
    <ClInclude Include="..\..\..\deps\GowEngine\src\*.hpp" />
    <ClInclude Include="..\..\..\deps\GowEngine\src\*.hpp" />
    <ClInclude Include="..\..\..\deps\GowEngine\src\*.hpp" />
    <ClInclude Include="..\..\..\deps\GowEngine\src\*.hpp" />
    <ClInclude Include="..\..\..\deps\GowEngine\src\*.hpp" />
    <ClInclude Include="..\..\..\deps\GowEngine\src\*.hpp" />
    <ClInclude Include="..\..\..\deps\GowEngine\src\*.hpp" />
    <ClInclude Include="..\..\..\deps\GowEngine\src\*.hpp" />
    <ClInclude Include="..\..\..\deps\GowEngine\src\*.hpp" />
    <ClInclude Include="..\..\..\deps\GowEngine\src\*.hpp" />
    <ClInclude Include="..\..\..\deps\GowEngine\src\*.hpp" />
    <ClInclude Include="..\..\..\deps\GowEngine\src\*.hpp" />
    <ClInclude Include="..\..\..\deps\GowEngine\src\*.hpp" />
    <ClInclude Include="..\..\..\deps\GowEngine\src\*.hpp" />
    <ClInclude Include="..\..\..\deps\GowEngine\src\*.hpp" />
    <ClInclude Include="..\..\..\deps\GowEngine\src\*.hpp" />
    <ClInclude Include="..\..\..\deps\GowEngine\src\*.hpp" />
    <ClInclude Include="..\..\..\deps\GowEngine\src\*.hpp" />
    <ClInclude Include="..\..\..\deps\GowEngine\src\*.hpp" />
    <ClInclude Include="..\..\..\deps\GowEngine\src\*.hpp" />
    <ClInclude Include="..\..\..\deps\GowEngine\src\*.hpp" />
    <ClInclude Include="..\..\..\deps\GowEngine\src\*.hpp" />
    <ClInclude Include="..\..\..\deps\GowEngine\src\*.hpp" />
    <ClInclude Include="..\..\..\deps\GowEngine\src\*.hpp" />
    <ClInclude Include="..\..\..\deps\GowEngine\src\*.hpp" />
    <ClInclude Include="..\..\..\deps\GowEngine\src\*.hpp" />
    <ClInclude Include="..\..\..\deps\GowEngine\src\*.hpp" />
    <ClInclude Include="..\..\..\deps\GowEngine\src\*.hpp" />
    <ClInclude Include="..\..\..\deps\GowEngine\src\*.hpp" />
    <ClInclude Include="..\..\..\deps\GowEngine\src\*.hpp" />
    <ClInclude Include="..\..\..\deps\GowEngine\src\*.hpp" />
    <ClInclude Include="..\..\..\deps\GowEngine\src\*.hpp" />
    <ClInclude Include="..\..\..\deps\GowEngine\src\*.hpp" />
    <ClInclude Include="..\..\..\deps\GowEngine\src\*.hpp" />
    <ClInclude Include="..\..\..\deps\GowEngine\src\*.hpp" />
    <ClInclude Include="..\..\..\deps\GowEngine\src\*.hpp" />
    <ClInclude Include="..\..\..\deps\GowEngine\src\*.hpp" />
    <ClInclude Include="..\..\..\deps\GowEngine\src\*.hpp" />
    <ClInclude Include="..\..\..\deps\GowEngine\src\*.hpp" />
    <ClInclude Include="..\..\..\deps\GowEngine\src\*.hpp" />
    <ClInclude Include="..\..\..\deps\GowEngine\src\*.hpp" />
    <ClInclude Include="..\..\..\deps\GowEngine\src\*.hpp" />
    <ClInclude Include="..\..\..\deps\GowEngine\src\*.hpp" />
    <ClInclude Include="..\..\..\deps\GowEngine\src\*.hpp" />
    <ClInclude Include="..\..\..\deps\GowEngine\src\*.hpp" />
    <ClInclude Include="..\..\..\deps\GowEngine\src\*.hpp" />
    <ClInclude Include="..\..\..\deps\GowEngine\src\*.hpp" />
    <ClInclude Include="..\..\..\deps\GowEngine\src\*.hpp" />
    <ClInclude Include="..\..\..\deps\GowEngine\src\*.hpp" />
    <ClInclude Include="..\..\..\deps\GowEngine\src\*.hpp" />
    <ClInclude Include="..\..\..\deps\GowEngine\src\*.hpp" />
    <ClInclude Include="..\..\..\deps\GowEngine\src\*.hpp" />
    <ClInclude Include="..\..\..\deps\GowEngine\src\*.hpp" />
    <ClInclude Include="..\..\..\deps\GowEngine\src\*.hpp" />
    <ClInclude Include="..\..\..\deps\GowEngine\src\*.hpp" />
    <ClInclude Include="..\..\..\deps\GowEngine\src\*.hpp" />
    <ClInclude Include="..\..\..\deps\GowEngine\src\*.hpp" />
    <ClInclude Include="..\..\..\deps\GowEngine\src\*.hpp" />
    <ClInclude Include="..\..\..\deps\GowEngine\src\*.hpp" />
    <ClInclude Include="..\..\..\deps\GowEngine\src\*.hpp" />
    <ClInclude Include="..\..\..\deps\GowEngine\src\*.hpp" />
    <ClInclude Include="..\..\..\deps\GowEngine\src\*.hpp" />
    <ClInclude Include="..\..\..\deps\GowEngine\src\*.hpp" />
    <ClInclude Include="..\..\..\deps\GowEngine\src\*.hpp" />
    <ClInclude Include="..\..\..\deps\GowEngine\src\*.hpp" />
    <ClInclude Include="..\..\..\deps\GowEngine\src\*.hpp" />
    <ClInclude Include="..\..\..\deps\GowEngine\src\*.hpp" />
    <ClInclude Include="..\..\..\deps\GowEngine\src\*.hpp" />
    <ClInclude Include="..\..\..\deps\GowEngine\src\*.hpp" />
    <ClInclude Include="..\..\..\deps\GowEngine\src\*.hpp" />
    <ClInclude Include="..\..\..\deps\GowEngine\src\*.hpp" />
    <ClInclude Include="..\..\..\deps\GowEngine\src\*.hpp" />
    <ClInclude Include="..\..\..\deps\GowEngine\src\*.hpp" />
    <ClInclude Include="..\..\..\deps\GowEngine\src\*.hpp" />
    <ClInclude Include="..\..\..\deps\GowEngine\src\*.hpp" />
    <ClInclude Include="..\..\..\deps\GowEngine\src\*.hpp" />
    <ClInclude Include="..\..\..\deps\GowEngine\src\*.hpp" />
    <ClInclude Include="..\..\..\deps\GowEngine\src\*.hpp" />
    <ClInclude Include="..\..\..\deps\GowEngine\src\*.hpp" />
    <ClInclude Include="..\..\..\deps\GowEngine\src\*.hpp" />
    <ClInclude Include="..\..\..\deps\GowEngine\src\*.hpp" />
    <ClInclude Include="..\..\..\deps\GowEngine\src\*.hpp" />
    <ClInclude Include="..\..\..\deps\GowEngine\src\*.hpp" />
    <ClInclude Include="..\..\..\deps\GowEngine\src\*.hpp" />
    <ClInclude Include="..\..\..\deps\GowEngine\src\*.hpp" />
    <ClInclude Include="..\..\..\deps\GowEngine\src\*.hpp" />
    <ClInclude Include="..\..\..\deps\GowEngine\src\*.hpp" />
    <ClInclude Include="..\..\..\deps\GowEngine\src\*.hpp" />
    <ClInclude Include="..\..\..\deps\GowEngine\src\*.hpp" />
    <ClInclude Include="..\..\..\deps\GowEngine\src\*.hpp" />
    <ClInclude Include="..\..\..\deps\GowEngine\src\*.hpp" />
    <ClInclude Include="..\..\..\deps\GowEngine\src\*.hpp" />
    <ClInclude Include="..\..\..\deps\GowEngine\src\*.hpp" />
    <ClInclude Include="..\..\..\deps\GowEngine\src\*.hpp" />
    <ClInclude Include="..\..\..\deps\GowEngine\src\windows\*.hpp" />
    <ClInclude Include="..\..\..\deps\GowEngine\src\windows\*.hpp" />
    <ClInclude Include="..\..\..\deps\GowEngine\src\windows\*.hpp" />
    <ClInclude Include="..\..\..\deps\GowEngine\src\windows\*.hpp" />
    <ClInclude Include="..\..\..\deps\GowEngine\src\glfw\*.hpp" />
    <ClInclude Include="..\..\core\*.hpp" />
    <ClInclude Include="..\..\core\*.hpp" />
    <ClInclude Include="..\..\core\*.hpp" />
  </ItemGroup>
</Project>