<?xml version="1.0" encoding="UTF-8" standalone="yes" ?>
<CodeBlocks_project_file>
	<FileVersion major="1" minor="6" />
	<Project>
		<Option title="GowEngineDemo" />
		<Option pch_mode="2" />
		<Option compiler="gcc" />
		<Build>
			<Target title="Debug">
				<Option output="bin/Debug/GowEngineDemo" prefix_auto="1" extension_auto="1" />
				<Option object_output="obj/Debug/" />
				<Option type="1" />
				<Option compiler="gcc" />
				<Compiler>
					<Add option="-g" />
					<Add option="-DDEBUG=1" />
				</Compiler>
			</Target>
			<Target title="Release">
				<Option output="bin/Release/GowEngineDemo" prefix_auto="1" extension_auto="1" />
				<Option object_output="obj/Release/" />
				<Option type="1" />
				<Option compiler="gcc" />
				<Compiler>
					<Add option="-O2" />
				</Compiler>
				<Linker>
					<Add option="-s" />
				</Linker>
			</Target>
		</Build>
		<Compiler>
			<Add option="-Wall" />
			<Add option="-fexceptions" />
			<Add option="-D_GLFW_X11" />
			<Add directory="../../core" />
			<Add directory="../../../deps/GowEngine/deps/glfw/include" />
			<Add directory="../../../deps/GowEngine/deps/rapidjson/include" />
			<Add directory="../../../deps/GowEngine/deps/stb" />
            <Add directory="../../../deps/GowEngine/src" />
		</Compiler>
		<Linker>
			<Add option="-ldl" />
			<Add option="-lpthread" />
			<Add option="-lGLEW" />
			<Add option="-lGL" />
		</Linker>
		<ExtraCommands>
			<Add before="if [ -d $(PROJECT_DIR)/json ]; then rm -Rf $(PROJECT_DIR)/json; fi" />
			<Add before="if [ -d $(PROJECT_DIR)/music ]; then rm -Rf $(PROJECT_DIR)/music; fi" />
			<Add before="if [ -d $(PROJECT_DIR)/shaders ]; then rm -Rf $(PROJECT_DIR)/shaders; fi" />
			<Add before="if [ -d $(PROJECT_DIR)/sounds ]; then rm -Rf $(PROJECT_DIR)/sounds; fi" />
			<Add before="if [ -d $(PROJECT_DIR)/textures ]; then rm -Rf $(PROJECT_DIR)/textures; fi" />
			<Add after="cp -r $(PROJECT_DIR)../../../assets/. $(PROJECT_DIR)" />
			<Add after="cp $(TARGET_OUTPUT_FILE) $(PROJECT_DIR)" />
			<Mode after="always" />
		</ExtraCommands>
		<UnitsGlob directory="../../../deps/GowEngine/src" recursive="0" wildcard="*.cpp" />
		<UnitsGlob directory="../../../deps/GowEngine/src" recursive="0" wildcard="*.hpp" />
		<UnitsGlob directory="../../../deps/GowEngine/src/linux" recursive="0" wildcard="*.cpp" />
		<UnitsGlob directory="../../../deps/GowEngine/src/linux" recursive="0" wildcard="*.hpp" />
        <UnitsGlob directory="../../../deps/GowEngine/src/glfw" recursive="0" wildcard="*.cpp" />
        <UnitsGlob directory="../../../deps/GowEngine/src/glfw" recursive="0" wildcard="*.hpp" />
		<Unit filename="../../../deps/GowEngine/deps/glfw/src/context.c">
			<Option compilerVar="CC" />
		</Unit>
		<Unit filename="../../../deps/GowEngine/deps/glfw/src/egl_context.c">
			<Option compilerVar="CC" />
		</Unit>
		<Unit filename="../../../deps/GowEngine/deps/glfw/src/glx_context.c">
			<Option compilerVar="CC" />
		</Unit>
		<Unit filename="../../../deps/GowEngine/deps/glfw/src/init.c">
			<Option compilerVar="CC" />
		</Unit>
		<Unit filename="../../../deps/GowEngine/deps/glfw/src/input.c">
			<Option compilerVar="CC" />
		</Unit>
		<Unit filename="../../../deps/GowEngine/deps/glfw/src/linux_joystick.c">
			<Option compilerVar="CC" />
		</Unit>
		<Unit filename="../../../deps/GowEngine/deps/glfw/src/monitor.c">
			<Option compilerVar="CC" />
		</Unit>
		<Unit filename="../../../deps/GowEngine/deps/glfw/src/osmesa_context.c">
			<Option compilerVar="CC" />
		</Unit>
		<Unit filename="../../../deps/GowEngine/deps/glfw/src/posix_thread.c">
			<Option compilerVar="CC" />
		</Unit>
		<Unit filename="../../../deps/GowEngine/deps/glfw/src/posix_time.c">
			<Option compilerVar="CC" />
		</Unit>
		<Unit filename="../../../deps/GowEngine/deps/glfw/src/vulkan.c">
			<Option compilerVar="CC" />
		</Unit>
		<Unit filename="../../../deps/GowEngine/deps/glfw/src/window.c">
			<Option compilerVar="CC" />
		</Unit>
		<Unit filename="../../../deps/GowEngine/deps/glfw/src/x11_init.c">
			<Option compilerVar="CC" />
		</Unit>
		<Unit filename="../../../deps/GowEngine/deps/glfw/src/x11_monitor.c">
			<Option compilerVar="CC" />
		</Unit>
		<Unit filename="../../../deps/GowEngine/deps/glfw/src/x11_window.c">
			<Option compilerVar="CC" />
		</Unit>
		<Unit filename="../../../deps/GowEngine/deps/glfw/src/xkb_unicode.c">
			<Option compilerVar="CC" />
		</Unit>
		<UnitsGlob directory="../../core" recursive="0" wildcard="*.cpp" />
		<UnitsGlob directory="../../core" recursive="0" wildcard="*.hpp" />
		<Unit filename="main.cpp" />
		<Extensions>
			<lib_finder disable_auto="1" />
		</Extensions>
	</Project>
</CodeBlocks_project_file>
